// !$*UTF8*$!
{
	archiveVersion = 1;
	classes = {
	};
	objectVersion = 50;
	objects = {

/* Begin PBXBuildFile section */
		4EF19E7624821F05001D478A /* Interface.storyboard in Resources */ = {isa = PBXBuildFile; fileRef = 4EF19E7424821F05001D478A /* Interface.storyboard */; };
		4EF19E7824821F05001D478A /* Assets.xcassets in Resources */ = {isa = PBXBuildFile; fileRef = 4EF19E7724821F05001D478A /* Assets.xcassets */; };
		4EF19E7F24821F06001D478A /* TestXCFrameworkWatchUI Extension.appex in Embed App Extensions */ = {isa = PBXBuildFile; fileRef = 4EF19E7E24821F06001D478A /* TestXCFrameworkWatchUI Extension.appex */; settings = {ATTRIBUTES = (RemoveHeadersOnCopy, ); }; };
		4EF19E8424821F06001D478A /* ContentView.swift in Sources */ = {isa = PBXBuildFile; fileRef = 4EF19E8324821F06001D478A /* ContentView.swift */; };
		4EF19E8624821F06001D478A /* HostingController.swift in Sources */ = {isa = PBXBuildFile; fileRef = 4EF19E8524821F06001D478A /* HostingController.swift */; };
		4EF19E8824821F06001D478A /* ExtensionDelegate.swift in Sources */ = {isa = PBXBuildFile; fileRef = 4EF19E8724821F06001D478A /* ExtensionDelegate.swift */; };
		4EF19E8A24821F06001D478A /* NotificationController.swift in Sources */ = {isa = PBXBuildFile; fileRef = 4EF19E8924821F06001D478A /* NotificationController.swift */; };
		4EF19E8C24821F06001D478A /* NotificationView.swift in Sources */ = {isa = PBXBuildFile; fileRef = 4EF19E8B24821F06001D478A /* NotificationView.swift */; };
		4EF19E8E24821F06001D478A /* Assets.xcassets in Resources */ = {isa = PBXBuildFile; fileRef = 4EF19E8D24821F06001D478A /* Assets.xcassets */; };
		4EF19E9124821F06001D478A /* Preview Assets.xcassets in Resources */ = {isa = PBXBuildFile; fileRef = 4EF19E9024821F06001D478A /* Preview Assets.xcassets */; };
		4EF19E9624821F06001D478A /* TestXCFrameworkWatchUI.app in Embed Watch Content */ = {isa = PBXBuildFile; fileRef = 4EF19E7224821F05001D478A /* TestXCFrameworkWatchUI.app */; settings = {ATTRIBUTES = (RemoveHeadersOnCopy, ); }; };
		4EF19ED0248229A4001D478A /* UniKitWatch.framework in Frameworks */ = {isa = PBXBuildFile; fileRef = 4EF19ECF248229A4001D478A /* UniKitWatch.framework */; };
		4EF19ED1248229A4001D478A /* UniKitWatch.framework in Embed Frameworks */ = {isa = PBXBuildFile; fileRef = 4EF19ECF248229A4001D478A /* UniKitWatch.framework */; settings = {ATTRIBUTES = (CodeSignOnCopy, RemoveHeadersOnCopy, ); }; };
		4EF19ED4248229B4001D478A /* UniKit.framework in Frameworks */ = {isa = PBXBuildFile; fileRef = 4EF19ED3248229B4001D478A /* UniKit.framework */; };
		4EF19ED5248229B4001D478A /* UniKit.framework in Embed Frameworks */ = {isa = PBXBuildFile; fileRef = 4EF19ED3248229B4001D478A /* UniKit.framework */; settings = {ATTRIBUTES = (CodeSignOnCopy, RemoveHeadersOnCopy, ); }; };
		4EF564252481F39E00564840 /* AppDelegate.swift in Sources */ = {isa = PBXBuildFile; fileRef = 4EF564242481F39E00564840 /* AppDelegate.swift */; };
		4EF564272481F39E00564840 /* SceneDelegate.swift in Sources */ = {isa = PBXBuildFile; fileRef = 4EF564262481F39E00564840 /* SceneDelegate.swift */; };
		4EF564292481F39E00564840 /* ContentView.swift in Sources */ = {isa = PBXBuildFile; fileRef = 4EF564282481F39E00564840 /* ContentView.swift */; };
		4EF5642B2481F3A000564840 /* Assets.xcassets in Resources */ = {isa = PBXBuildFile; fileRef = 4EF5642A2481F3A000564840 /* Assets.xcassets */; };
		4EF5642E2481F3A000564840 /* Preview Assets.xcassets in Resources */ = {isa = PBXBuildFile; fileRef = 4EF5642D2481F3A000564840 /* Preview Assets.xcassets */; };
		4EF564312481F3A000564840 /* LaunchScreen.storyboard in Resources */ = {isa = PBXBuildFile; fileRef = 4EF5642F2481F3A000564840 /* LaunchScreen.storyboard */; };
/* End PBXBuildFile section */

/* Begin PBXContainerItemProxy section */
		4EF19E8024821F06001D478A /* PBXContainerItemProxy */ = {
			isa = PBXContainerItemProxy;
			containerPortal = 4EF564192481F39E00564840 /* Project object */;
			proxyType = 1;
			remoteGlobalIDString = 4EF19E7D24821F06001D478A;
			remoteInfo = "TestXCFrameworkWatchUI Extension";
		};
		4EF19E9424821F06001D478A /* PBXContainerItemProxy */ = {
			isa = PBXContainerItemProxy;
			containerPortal = 4EF564192481F39E00564840 /* Project object */;
			proxyType = 1;
			remoteGlobalIDString = 4EF19E7124821F05001D478A;
			remoteInfo = TestXCFrameworkWatchUI;
		};
/* End PBXContainerItemProxy section */

/* Begin PBXCopyFilesBuildPhase section */
		4EF19E9A24821F06001D478A /* Embed App Extensions */ = {
			isa = PBXCopyFilesBuildPhase;
			buildActionMask = 2147483647;
			dstPath = "";
			dstSubfolderSpec = 13;
			files = (
				4EF19E7F24821F06001D478A /* TestXCFrameworkWatchUI Extension.appex in Embed App Extensions */,
			);
			name = "Embed App Extensions";
			runOnlyForDeploymentPostprocessing = 0;
		};
		4EF19E9E24821F06001D478A /* Embed Watch Content */ = {
			isa = PBXCopyFilesBuildPhase;
			buildActionMask = 2147483647;
			dstPath = "$(CONTENTS_FOLDER_PATH)/Watch";
			dstSubfolderSpec = 16;
			files = (
				4EF19E9624821F06001D478A /* TestXCFrameworkWatchUI.app in Embed Watch Content */,
			);
			name = "Embed Watch Content";
			runOnlyForDeploymentPostprocessing = 0;
		};
		4EF19ECA248228E9001D478A /* Embed Frameworks */ = {
			isa = PBXCopyFilesBuildPhase;
			buildActionMask = 2147483647;
			dstPath = "";
			dstSubfolderSpec = 10;
			files = (
				4EF19ED5248229B4001D478A /* UniKit.framework in Embed Frameworks */,
			);
			name = "Embed Frameworks";
			runOnlyForDeploymentPostprocessing = 0;
		};
		4EF19ED2248229A4001D478A /* Embed Frameworks */ = {
			isa = PBXCopyFilesBuildPhase;
			buildActionMask = 2147483647;
			dstPath = "";
			dstSubfolderSpec = 10;
			files = (
				4EF19ED1248229A4001D478A /* UniKitWatch.framework in Embed Frameworks */,
			);
			name = "Embed Frameworks";
			runOnlyForDeploymentPostprocessing = 0;
		};
/* End PBXCopyFilesBuildPhase section */

/* Begin PBXFileReference section */
		4EF19E6C24821E15001D478A /* UniKit.xcframework */ = {isa = PBXFileReference; lastKnownFileType = wrapper.xcframework; name = UniKit.xcframework; path = Frameworks/iOS/UniKit.xcframework; sourceTree = "<group>"; };
		4EF19E7224821F05001D478A /* TestXCFrameworkWatchUI.app */ = {isa = PBXFileReference; explicitFileType = wrapper.application; includeInIndex = 0; path = TestXCFrameworkWatchUI.app; sourceTree = BUILT_PRODUCTS_DIR; };
		4EF19E7524821F05001D478A /* Base */ = {isa = PBXFileReference; lastKnownFileType = file.storyboard; name = Base; path = Base.lproj/Interface.storyboard; sourceTree = "<group>"; };
		4EF19E7724821F05001D478A /* Assets.xcassets */ = {isa = PBXFileReference; lastKnownFileType = folder.assetcatalog; path = Assets.xcassets; sourceTree = "<group>"; };
		4EF19E7924821F05001D478A /* Info.plist */ = {isa = PBXFileReference; lastKnownFileType = text.plist.xml; path = Info.plist; sourceTree = "<group>"; };
		4EF19E7E24821F06001D478A /* TestXCFrameworkWatchUI Extension.appex */ = {isa = PBXFileReference; explicitFileType = "wrapper.app-extension"; includeInIndex = 0; path = "TestXCFrameworkWatchUI Extension.appex"; sourceTree = BUILT_PRODUCTS_DIR; };
		4EF19E8324821F06001D478A /* ContentView.swift */ = {isa = PBXFileReference; lastKnownFileType = sourcecode.swift; path = ContentView.swift; sourceTree = "<group>"; };
		4EF19E8524821F06001D478A /* HostingController.swift */ = {isa = PBXFileReference; lastKnownFileType = sourcecode.swift; path = HostingController.swift; sourceTree = "<group>"; };
		4EF19E8724821F06001D478A /* ExtensionDelegate.swift */ = {isa = PBXFileReference; lastKnownFileType = sourcecode.swift; path = ExtensionDelegate.swift; sourceTree = "<group>"; };
		4EF19E8924821F06001D478A /* NotificationController.swift */ = {isa = PBXFileReference; lastKnownFileType = sourcecode.swift; path = NotificationController.swift; sourceTree = "<group>"; };
		4EF19E8B24821F06001D478A /* NotificationView.swift */ = {isa = PBXFileReference; lastKnownFileType = sourcecode.swift; path = NotificationView.swift; sourceTree = "<group>"; };
		4EF19E8D24821F06001D478A /* Assets.xcassets */ = {isa = PBXFileReference; lastKnownFileType = folder.assetcatalog; path = Assets.xcassets; sourceTree = "<group>"; };
		4EF19E9024821F06001D478A /* Preview Assets.xcassets */ = {isa = PBXFileReference; lastKnownFileType = folder.assetcatalog; path = "Preview Assets.xcassets"; sourceTree = "<group>"; };
		4EF19E9224821F06001D478A /* Info.plist */ = {isa = PBXFileReference; lastKnownFileType = text.plist.xml; path = Info.plist; sourceTree = "<group>"; };
		4EF19E9324821F06001D478A /* PushNotificationPayload.apns */ = {isa = PBXFileReference; lastKnownFileType = text; path = PushNotificationPayload.apns; sourceTree = "<group>"; };
		4EF19E9F24821F78001D478A /* UniKitWatch.xcframework */ = {isa = PBXFileReference; lastKnownFileType = wrapper.xcframework; name = UniKitWatch.xcframework; path = Frameworks/watchOS/UniKitWatch.xcframework; sourceTree = "<group>"; };
		4EF19EC0248227A3001D478A /* UniKitWatch.framework */ = {isa = PBXFileReference; lastKnownFileType = wrapper.framework; name = UniKitWatch.framework; path = Frameworks/watchOS/UniKitWatch.framework; sourceTree = "<group>"; };
		4EF19ECB24822977001D478A /* UniKit.framework */ = {isa = PBXFileReference; lastKnownFileType = wrapper.framework; name = UniKit.framework; path = ../UniKit/Frameworks/iOS/UniKit.framework; sourceTree = "<group>"; };
		4EF19ECD24822987001D478A /* UniKitWatch.framework */ = {isa = PBXFileReference; lastKnownFileType = wrapper.framework; name = UniKitWatch.framework; path = ../UniKit/Frameworks/watchOS/UniKitWatch.framework; sourceTree = "<group>"; };
		4EF19ECF248229A4001D478A /* UniKitWatch.framework */ = {isa = PBXFileReference; explicitFileType = wrapper.framework; path = UniKitWatch.framework; sourceTree = BUILT_PRODUCTS_DIR; };
		4EF19ED3248229B4001D478A /* UniKit.framework */ = {isa = PBXFileReference; explicitFileType = wrapper.framework; path = UniKit.framework; sourceTree = BUILT_PRODUCTS_DIR; };
		4EF564212481F39E00564840 /* TestXCFrameworkiOSUI.app */ = {isa = PBXFileReference; explicitFileType = wrapper.application; includeInIndex = 0; path = TestXCFrameworkiOSUI.app; sourceTree = BUILT_PRODUCTS_DIR; };
		4EF564242481F39E00564840 /* AppDelegate.swift */ = {isa = PBXFileReference; lastKnownFileType = sourcecode.swift; path = AppDelegate.swift; sourceTree = "<group>"; };
		4EF564262481F39E00564840 /* SceneDelegate.swift */ = {isa = PBXFileReference; lastKnownFileType = sourcecode.swift; path = SceneDelegate.swift; sourceTree = "<group>"; };
		4EF564282481F39E00564840 /* ContentView.swift */ = {isa = PBXFileReference; lastKnownFileType = sourcecode.swift; path = ContentView.swift; sourceTree = "<group>"; };
		4EF5642A2481F3A000564840 /* Assets.xcassets */ = {isa = PBXFileReference; lastKnownFileType = folder.assetcatalog; path = Assets.xcassets; sourceTree = "<group>"; };
		4EF5642D2481F3A000564840 /* Preview Assets.xcassets */ = {isa = PBXFileReference; lastKnownFileType = folder.assetcatalog; path = "Preview Assets.xcassets"; sourceTree = "<group>"; };
		4EF564302481F3A000564840 /* Base */ = {isa = PBXFileReference; lastKnownFileType = file.storyboard; name = Base; path = Base.lproj/LaunchScreen.storyboard; sourceTree = "<group>"; };
		4EF564322481F3A000564840 /* Info.plist */ = {isa = PBXFileReference; lastKnownFileType = text.plist.xml; path = Info.plist; sourceTree = "<group>"; };
/* End PBXFileReference section */

/* Begin PBXFrameworksBuildPhase section */
		4EF19E7B24821F06001D478A /* Frameworks */ = {
			isa = PBXFrameworksBuildPhase;
			buildActionMask = 2147483647;
			files = (
				4EF19ED0248229A4001D478A /* UniKitWatch.framework in Frameworks */,
			);
			runOnlyForDeploymentPostprocessing = 0;
		};
		4EF5641E2481F39E00564840 /* Frameworks */ = {
			isa = PBXFrameworksBuildPhase;
			buildActionMask = 2147483647;
			files = (
				4EF19ED4248229B4001D478A /* UniKit.framework in Frameworks */,
			);
			runOnlyForDeploymentPostprocessing = 0;
		};
/* End PBXFrameworksBuildPhase section */

/* Begin PBXGroup section */
		4EF19E6B24821E15001D478A /* Frameworks */ = {
			isa = PBXGroup;
			children = (
				4EF19ED3248229B4001D478A /* UniKit.framework */,
				4EF19ECF248229A4001D478A /* UniKitWatch.framework */,
				4EF19EC0248227A3001D478A /* UniKitWatch.framework */,
				4EF19E9F24821F78001D478A /* UniKitWatch.xcframework */,
				4EF19E6C24821E15001D478A /* UniKit.xcframework */,
			);
			name = Frameworks;
			sourceTree = "<group>";
		};
		4EF19E7324821F05001D478A /* TestXCFrameworkWatchUI */ = {
			isa = PBXGroup;
			children = (
				4EF19E7424821F05001D478A /* Interface.storyboard */,
				4EF19E7724821F05001D478A /* Assets.xcassets */,
				4EF19E7924821F05001D478A /* Info.plist */,
			);
			path = TestXCFrameworkWatchUI;
			sourceTree = "<group>";
		};
		4EF19E8224821F06001D478A /* TestXCFrameworkWatchUI Extension */ = {
			isa = PBXGroup;
			children = (
				4EF19E8324821F06001D478A /* ContentView.swift */,
				4EF19E8524821F06001D478A /* HostingController.swift */,
				4EF19E8724821F06001D478A /* ExtensionDelegate.swift */,
				4EF19E8924821F06001D478A /* NotificationController.swift */,
				4EF19E8B24821F06001D478A /* NotificationView.swift */,
				4EF19E8D24821F06001D478A /* Assets.xcassets */,
				4EF19E9224821F06001D478A /* Info.plist */,
				4EF19E9324821F06001D478A /* PushNotificationPayload.apns */,
				4EF19E8F24821F06001D478A /* Preview Content */,
			);
			path = "TestXCFrameworkWatchUI Extension";
			sourceTree = "<group>";
		};
		4EF19E8F24821F06001D478A /* Preview Content */ = {
			isa = PBXGroup;
			children = (
				4EF19E9024821F06001D478A /* Preview Assets.xcassets */,
			);
			path = "Preview Content";
			sourceTree = "<group>";
		};
		4EF564182481F39E00564840 = {
			isa = PBXGroup;
			children = (
				4EF19ECD24822987001D478A /* UniKitWatch.framework */,
				4EF19ECB24822977001D478A /* UniKit.framework */,
				4EF564232481F39E00564840 /* TestXCFrameworkiOSUI */,
				4EF19E7324821F05001D478A /* TestXCFrameworkWatchUI */,
				4EF19E8224821F06001D478A /* TestXCFrameworkWatchUI Extension */,
				4EF564222481F39E00564840 /* Products */,
				4EF19E6B24821E15001D478A /* Frameworks */,
			);
			sourceTree = "<group>";
		};
		4EF564222481F39E00564840 /* Products */ = {
			isa = PBXGroup;
			children = (
				4EF564212481F39E00564840 /* TestXCFrameworkiOSUI.app */,
				4EF19E7224821F05001D478A /* TestXCFrameworkWatchUI.app */,
				4EF19E7E24821F06001D478A /* TestXCFrameworkWatchUI Extension.appex */,
			);
			name = Products;
			sourceTree = "<group>";
		};
		4EF564232481F39E00564840 /* TestXCFrameworkiOSUI */ = {
			isa = PBXGroup;
			children = (
				4EF564242481F39E00564840 /* AppDelegate.swift */,
				4EF564262481F39E00564840 /* SceneDelegate.swift */,
				4EF564282481F39E00564840 /* ContentView.swift */,
				4EF5642A2481F3A000564840 /* Assets.xcassets */,
				4EF5642F2481F3A000564840 /* LaunchScreen.storyboard */,
				4EF564322481F3A000564840 /* Info.plist */,
				4EF5642C2481F3A000564840 /* Preview Content */,
			);
			path = TestXCFrameworkiOSUI;
			sourceTree = "<group>";
		};
		4EF5642C2481F3A000564840 /* Preview Content */ = {
			isa = PBXGroup;
			children = (
				4EF5642D2481F3A000564840 /* Preview Assets.xcassets */,
			);
			path = "Preview Content";
			sourceTree = "<group>";
		};
/* End PBXGroup section */

/* Begin PBXNativeTarget section */
		4EF19E7124821F05001D478A /* TestXCFrameworkWatchUI */ = {
			isa = PBXNativeTarget;
			buildConfigurationList = 4EF19E9B24821F06001D478A /* Build configuration list for PBXNativeTarget "TestXCFrameworkWatchUI" */;
			buildPhases = (
				4EF19E7024821F05001D478A /* Resources */,
				4EF19E9A24821F06001D478A /* Embed App Extensions */,
			);
			buildRules = (
			);
			dependencies = (
				4EF19E8124821F06001D478A /* PBXTargetDependency */,
			);
			name = TestXCFrameworkWatchUI;
			productName = TestXCFrameworkWatchUI;
			productReference = 4EF19E7224821F05001D478A /* TestXCFrameworkWatchUI.app */;
			productType = "com.apple.product-type.application.watchapp2";
		};
		4EF19E7D24821F06001D478A /* TestXCFrameworkWatchUI Extension */ = {
			isa = PBXNativeTarget;
			buildConfigurationList = 4EF19E9724821F06001D478A /* Build configuration list for PBXNativeTarget "TestXCFrameworkWatchUI Extension" */;
			buildPhases = (
				4EF19E7A24821F06001D478A /* Sources */,
				4EF19E7B24821F06001D478A /* Frameworks */,
				4EF19E7C24821F06001D478A /* Resources */,
				4EF19ED2248229A4001D478A /* Embed Frameworks */,
			);
			buildRules = (
			);
			dependencies = (
			);
			name = "TestXCFrameworkWatchUI Extension";
			productName = "TestXCFrameworkWatchUI Extension";
			productReference = 4EF19E7E24821F06001D478A /* TestXCFrameworkWatchUI Extension.appex */;
			productType = "com.apple.product-type.watchkit2-extension";
		};
		4EF564202481F39E00564840 /* TestXCFrameworkiOSUI */ = {
			isa = PBXNativeTarget;
			buildConfigurationList = 4EF564352481F3A000564840 /* Build configuration list for PBXNativeTarget "TestXCFrameworkiOSUI" */;
			buildPhases = (
				4EF5641D2481F39E00564840 /* Sources */,
				4EF5641E2481F39E00564840 /* Frameworks */,
				4EF5641F2481F39E00564840 /* Resources */,
				4EF19E9E24821F06001D478A /* Embed Watch Content */,
				4EF19ECA248228E9001D478A /* Embed Frameworks */,
			);
			buildRules = (
			);
			dependencies = (
				4EF19E9524821F06001D478A /* PBXTargetDependency */,
			);
			name = TestXCFrameworkiOSUI;
			productName = TestXCFrameworkiOSUI;
			productReference = 4EF564212481F39E00564840 /* TestXCFrameworkiOSUI.app */;
			productType = "com.apple.product-type.application";
		};
/* End PBXNativeTarget section */

/* Begin PBXProject section */
		4EF564192481F39E00564840 /* Project object */ = {
			isa = PBXProject;
			attributes = {
				LastSwiftUpdateCheck = 1150;
				LastUpgradeCheck = 1150;
				ORGANIZATIONNAME = "Gene Backlin";
				TargetAttributes = {
					4EF19E7124821F05001D478A = {
						CreatedOnToolsVersion = 11.5;
					};
					4EF19E7D24821F06001D478A = {
						CreatedOnToolsVersion = 11.5;
					};
					4EF564202481F39E00564840 = {
						CreatedOnToolsVersion = 11.5;
					};
				};
			};
			buildConfigurationList = 4EF5641C2481F39E00564840 /* Build configuration list for PBXProject "TestXCFrameworkiOSUI" */;
			compatibilityVersion = "Xcode 9.3";
			developmentRegion = en;
			hasScannedForEncodings = 0;
			knownRegions = (
				en,
				Base,
			);
			mainGroup = 4EF564182481F39E00564840;
			productRefGroup = 4EF564222481F39E00564840 /* Products */;
			projectDirPath = "";
			projectRoot = "";
			targets = (
				4EF564202481F39E00564840 /* TestXCFrameworkiOSUI */,
				4EF19E7124821F05001D478A /* TestXCFrameworkWatchUI */,
				4EF19E7D24821F06001D478A /* TestXCFrameworkWatchUI Extension */,
			);
		};
/* End PBXProject section */

/* Begin PBXResourcesBuildPhase section */
		4EF19E7024821F05001D478A /* Resources */ = {
			isa = PBXResourcesBuildPhase;
			buildActionMask = 2147483647;
			files = (
				4EF19E7824821F05001D478A /* Assets.xcassets in Resources */,
				4EF19E7624821F05001D478A /* Interface.storyboard in Resources */,
			);
			runOnlyForDeploymentPostprocessing = 0;
		};
		4EF19E7C24821F06001D478A /* Resources */ = {
			isa = PBXResourcesBuildPhase;
			buildActionMask = 2147483647;
			files = (
				4EF19E9124821F06001D478A /* Preview Assets.xcassets in Resources */,
				4EF19E8E24821F06001D478A /* Assets.xcassets in Resources */,
			);
			runOnlyForDeploymentPostprocessing = 0;
		};
		4EF5641F2481F39E00564840 /* Resources */ = {
			isa = PBXResourcesBuildPhase;
			buildActionMask = 2147483647;
			files = (
				4EF564312481F3A000564840 /* LaunchScreen.storyboard in Resources */,
				4EF5642E2481F3A000564840 /* Preview Assets.xcassets in Resources */,
				4EF5642B2481F3A000564840 /* Assets.xcassets in Resources */,
			);
			runOnlyForDeploymentPostprocessing = 0;
		};
/* End PBXResourcesBuildPhase section */

/* Begin PBXSourcesBuildPhase section */
		4EF19E7A24821F06001D478A /* Sources */ = {
			isa = PBXSourcesBuildPhase;
			buildActionMask = 2147483647;
			files = (
				4EF19E8624821F06001D478A /* HostingController.swift in Sources */,
				4EF19E8424821F06001D478A /* ContentView.swift in Sources */,
				4EF19E8A24821F06001D478A /* NotificationController.swift in Sources */,
				4EF19E8824821F06001D478A /* ExtensionDelegate.swift in Sources */,
				4EF19E8C24821F06001D478A /* NotificationView.swift in Sources */,
			);
			runOnlyForDeploymentPostprocessing = 0;
		};
		4EF5641D2481F39E00564840 /* Sources */ = {
			isa = PBXSourcesBuildPhase;
			buildActionMask = 2147483647;
			files = (
				4EF564252481F39E00564840 /* AppDelegate.swift in Sources */,
				4EF564272481F39E00564840 /* SceneDelegate.swift in Sources */,
				4EF564292481F39E00564840 /* ContentView.swift in Sources */,
			);
			runOnlyForDeploymentPostprocessing = 0;
		};
/* End PBXSourcesBuildPhase section */

/* Begin PBXTargetDependency section */
		4EF19E8124821F06001D478A /* PBXTargetDependency */ = {
			isa = PBXTargetDependency;
			target = 4EF19E7D24821F06001D478A /* TestXCFrameworkWatchUI Extension */;
			targetProxy = 4EF19E8024821F06001D478A /* PBXContainerItemProxy */;
		};
		4EF19E9524821F06001D478A /* PBXTargetDependency */ = {
			isa = PBXTargetDependency;
			target = 4EF19E7124821F05001D478A /* TestXCFrameworkWatchUI */;
			targetProxy = 4EF19E9424821F06001D478A /* PBXContainerItemProxy */;
		};
/* End PBXTargetDependency section */

/* Begin PBXVariantGroup section */
		4EF19E7424821F05001D478A /* Interface.storyboard */ = {
			isa = PBXVariantGroup;
			children = (
				4EF19E7524821F05001D478A /* Base */,
			);
			name = Interface.storyboard;
			sourceTree = "<group>";
		};
		4EF5642F2481F3A000564840 /* LaunchScreen.storyboard */ = {
			isa = PBXVariantGroup;
			children = (
				4EF564302481F3A000564840 /* Base */,
			);
			name = LaunchScreen.storyboard;
			sourceTree = "<group>";
		};
/* End PBXVariantGroup section */

/* Begin XCBuildConfiguration section */
		4EF19E9824821F06001D478A /* Debug */ = {
			isa = XCBuildConfiguration;
			buildSettings = {
				ASSETCATALOG_COMPILER_COMPLICATION_NAME = Complication;
				CODE_SIGN_STYLE = Automatic;
				DEVELOPMENT_ASSET_PATHS = "\"TestXCFrameworkWatchUI Extension/Preview Content\"";
				DEVELOPMENT_TEAM = 8DT5Y3HP4L;
				ENABLE_PREVIEWS = YES;
				FRAMEWORK_SEARCH_PATHS = (
					"$(inherited)",
					"$(PROJECT_DIR)/Frameworks/watchOS",
				);
				INFOPLIST_FILE = "TestXCFrameworkWatchUI Extension/Info.plist";
				LD_RUNPATH_SEARCH_PATHS = (
					"$(inherited)",
					"@executable_path/Frameworks",
					"@executable_path/../../Frameworks",
				);
				PRODUCT_BUNDLE_IDENTIFIER = com.marizack.TestXCFrameworkiOSUI.watchkitapp.watchkitextension;
				PRODUCT_NAME = "${TARGET_NAME}";
				SDKROOT = watchos;
				SKIP_INSTALL = YES;
				SWIFT_VERSION = 5.0;
				TARGETED_DEVICE_FAMILY = 4;
				WATCHOS_DEPLOYMENT_TARGET = 6.2;
			};
			name = Debug;
		};
		4EF19E9924821F06001D478A /* Release */ = {
			isa = XCBuildConfiguration;
			buildSettings = {
				ASSETCATALOG_COMPILER_COMPLICATION_NAME = Complication;
				CODE_SIGN_STYLE = Automatic;
				DEVELOPMENT_ASSET_PATHS = "\"TestXCFrameworkWatchUI Extension/Preview Content\"";
				DEVELOPMENT_TEAM = 8DT5Y3HP4L;
				ENABLE_PREVIEWS = YES;
				FRAMEWORK_SEARCH_PATHS = (
					"$(inherited)",
					"$(PROJECT_DIR)/Frameworks/watchOS",
				);
				INFOPLIST_FILE = "TestXCFrameworkWatchUI Extension/Info.plist";
				LD_RUNPATH_SEARCH_PATHS = (
					"$(inherited)",
					"@executable_path/Frameworks",
					"@executable_path/../../Frameworks",
				);
				PRODUCT_BUNDLE_IDENTIFIER = com.marizack.TestXCFrameworkiOSUI.watchkitapp.watchkitextension;
				PRODUCT_NAME = "${TARGET_NAME}";
				SDKROOT = watchos;
				SKIP_INSTALL = YES;
				SWIFT_VERSION = 5.0;
				TARGETED_DEVICE_FAMILY = 4;
				WATCHOS_DEPLOYMENT_TARGET = 6.2;
			};
			name = Release;
		};
		4EF19E9C24821F06001D478A /* Debug */ = {
			isa = XCBuildConfiguration;
			buildSettings = {
				ALWAYS_EMBED_SWIFT_STANDARD_LIBRARIES = YES;
				ASSETCATALOG_COMPILER_APPICON_NAME = AppIcon;
				CODE_SIGN_STYLE = Automatic;
				DEVELOPMENT_TEAM = 8DT5Y3HP4L;
				IBSC_MODULE = TestXCFrameworkWatchUI_Extension;
				INFOPLIST_FILE = TestXCFrameworkWatchUI/Info.plist;
				PRODUCT_BUNDLE_IDENTIFIER = com.marizack.TestXCFrameworkiOSUI.watchkitapp;
				PRODUCT_NAME = "$(TARGET_NAME)";
				SDKROOT = watchos;
				SKIP_INSTALL = YES;
				SWIFT_VERSION = 5.0;
				TARGETED_DEVICE_FAMILY = 4;
				WATCHOS_DEPLOYMENT_TARGET = 6.2;
			};
			name = Debug;
		};
		4EF19E9D24821F06001D478A /* Release */ = {
			isa = XCBuildConfiguration;
			buildSettings = {
				ALWAYS_EMBED_SWIFT_STANDARD_LIBRARIES = YES;
				ASSETCATALOG_COMPILER_APPICON_NAME = AppIcon;
				CODE_SIGN_STYLE = Automatic;
				DEVELOPMENT_TEAM = 8DT5Y3HP4L;
				IBSC_MODULE = TestXCFrameworkWatchUI_Extension;
				INFOPLIST_FILE = TestXCFrameworkWatchUI/Info.plist;
				PRODUCT_BUNDLE_IDENTIFIER = com.marizack.TestXCFrameworkiOSUI.watchkitapp;
				PRODUCT_NAME = "$(TARGET_NAME)";
				SDKROOT = watchos;
				SKIP_INSTALL = YES;
				SWIFT_VERSION = 5.0;
				TARGETED_DEVICE_FAMILY = 4;
				WATCHOS_DEPLOYMENT_TARGET = 6.2;
			};
			name = Release;
		};
		4EF564332481F3A000564840 /* Debug */ = {
			isa = XCBuildConfiguration;
			buildSettings = {
				ALWAYS_SEARCH_USER_PATHS = NO;
				CLANG_ANALYZER_NONNULL = YES;
				CLANG_ANALYZER_NUMBER_OBJECT_CONVERSION = YES_AGGRESSIVE;
				CLANG_CXX_LANGUAGE_STANDARD = "gnu++14";
				CLANG_CXX_LIBRARY = "libc++";
				CLANG_ENABLE_MODULES = YES;
				CLANG_ENABLE_OBJC_ARC = YES;
				CLANG_ENABLE_OBJC_WEAK = YES;
				CLANG_WARN_BLOCK_CAPTURE_AUTORELEASING = YES;
				CLANG_WARN_BOOL_CONVERSION = YES;
				CLANG_WARN_COMMA = YES;
				CLANG_WARN_CONSTANT_CONVERSION = YES;
				CLANG_WARN_DEPRECATED_OBJC_IMPLEMENTATIONS = YES;
				CLANG_WARN_DIRECT_OBJC_ISA_USAGE = YES_ERROR;
				CLANG_WARN_DOCUMENTATION_COMMENTS = YES;
				CLANG_WARN_EMPTY_BODY = YES;
				CLANG_WARN_ENUM_CONVERSION = YES;
				CLANG_WARN_INFINITE_RECURSION = YES;
				CLANG_WARN_INT_CONVERSION = YES;
				CLANG_WARN_NON_LITERAL_NULL_CONVERSION = YES;
				CLANG_WARN_OBJC_IMPLICIT_RETAIN_SELF = YES;
				CLANG_WARN_OBJC_LITERAL_CONVERSION = YES;
				CLANG_WARN_OBJC_ROOT_CLASS = YES_ERROR;
				CLANG_WARN_RANGE_LOOP_ANALYSIS = YES;
				CLANG_WARN_STRICT_PROTOTYPES = YES;
				CLANG_WARN_SUSPICIOUS_MOVE = YES;
				CLANG_WARN_UNGUARDED_AVAILABILITY = YES_AGGRESSIVE;
				CLANG_WARN_UNREACHABLE_CODE = YES;
				CLANG_WARN__DUPLICATE_METHOD_MATCH = YES;
				COPY_PHASE_STRIP = NO;
				DEBUG_INFORMATION_FORMAT = dwarf;
				ENABLE_STRICT_OBJC_MSGSEND = YES;
				ENABLE_TESTABILITY = YES;
				GCC_C_LANGUAGE_STANDARD = gnu11;
				GCC_DYNAMIC_NO_PIC = NO;
				GCC_NO_COMMON_BLOCKS = YES;
				GCC_OPTIMIZATION_LEVEL = 0;
				GCC_PREPROCESSOR_DEFINITIONS = (
					"DEBUG=1",
					"$(inherited)",
				);
				GCC_WARN_64_TO_32_BIT_CONVERSION = YES;
				GCC_WARN_ABOUT_RETURN_TYPE = YES_ERROR;
				GCC_WARN_UNDECLARED_SELECTOR = YES;
				GCC_WARN_UNINITIALIZED_AUTOS = YES_AGGRESSIVE;
				GCC_WARN_UNUSED_FUNCTION = YES;
				GCC_WARN_UNUSED_VARIABLE = YES;
				IPHONEOS_DEPLOYMENT_TARGET = 13.1;
				MTL_ENABLE_DEBUG_INFO = INCLUDE_SOURCE;
				MTL_FAST_MATH = YES;
				ONLY_ACTIVE_ARCH = YES;
				SDKROOT = iphoneos;
				SWIFT_ACTIVE_COMPILATION_CONDITIONS = DEBUG;
				SWIFT_OPTIMIZATION_LEVEL = "-Onone";
			};
			name = Debug;
		};
		4EF564342481F3A000564840 /* Release */ = {
			isa = XCBuildConfiguration;
			buildSettings = {
				ALWAYS_SEARCH_USER_PATHS = NO;
				CLANG_ANALYZER_NONNULL = YES;
				CLANG_ANALYZER_NUMBER_OBJECT_CONVERSION = YES_AGGRESSIVE;
				CLANG_CXX_LANGUAGE_STANDARD = "gnu++14";
				CLANG_CXX_LIBRARY = "libc++";
				CLANG_ENABLE_MODULES = YES;
				CLANG_ENABLE_OBJC_ARC = YES;
				CLANG_ENABLE_OBJC_WEAK = YES;
				CLANG_WARN_BLOCK_CAPTURE_AUTORELEASING = YES;
				CLANG_WARN_BOOL_CONVERSION = YES;
				CLANG_WARN_COMMA = YES;
				CLANG_WARN_CONSTANT_CONVERSION = YES;
				CLANG_WARN_DEPRECATED_OBJC_IMPLEMENTATIONS = YES;
				CLANG_WARN_DIRECT_OBJC_ISA_USAGE = YES_ERROR;
				CLANG_WARN_DOCUMENTATION_COMMENTS = YES;
				CLANG_WARN_EMPTY_BODY = YES;
				CLANG_WARN_ENUM_CONVERSION = YES;
				CLANG_WARN_INFINITE_RECURSION = YES;
				CLANG_WARN_INT_CONVERSION = YES;
				CLANG_WARN_NON_LITERAL_NULL_CONVERSION = YES;
				CLANG_WARN_OBJC_IMPLICIT_RETAIN_SELF = YES;
				CLANG_WARN_OBJC_LITERAL_CONVERSION = YES;
				CLANG_WARN_OBJC_ROOT_CLASS = YES_ERROR;
				CLANG_WARN_RANGE_LOOP_ANALYSIS = YES;
				CLANG_WARN_STRICT_PROTOTYPES = YES;
				CLANG_WARN_SUSPICIOUS_MOVE = YES;
				CLANG_WARN_UNGUARDED_AVAILABILITY = YES_AGGRESSIVE;
				CLANG_WARN_UNREACHABLE_CODE = YES;
				CLANG_WARN__DUPLICATE_METHOD_MATCH = YES;
				COPY_PHASE_STRIP = NO;
				DEBUG_INFORMATION_FORMAT = "dwarf-with-dsym";
				ENABLE_NS_ASSERTIONS = NO;
				ENABLE_STRICT_OBJC_MSGSEND = YES;
				GCC_C_LANGUAGE_STANDARD = gnu11;
				GCC_NO_COMMON_BLOCKS = YES;
				GCC_WARN_64_TO_32_BIT_CONVERSION = YES;
				GCC_WARN_ABOUT_RETURN_TYPE = YES_ERROR;
				GCC_WARN_UNDECLARED_SELECTOR = YES;
				GCC_WARN_UNINITIALIZED_AUTOS = YES_AGGRESSIVE;
				GCC_WARN_UNUSED_FUNCTION = YES;
				GCC_WARN_UNUSED_VARIABLE = YES;
				IPHONEOS_DEPLOYMENT_TARGET = 13.1;
				MTL_ENABLE_DEBUG_INFO = NO;
				MTL_FAST_MATH = YES;
				SDKROOT = iphoneos;
				SWIFT_COMPILATION_MODE = wholemodule;
				SWIFT_OPTIMIZATION_LEVEL = "-O";
				VALIDATE_PRODUCT = YES;
			};
			name = Release;
		};
		4EF564362481F3A000564840 /* Debug */ = {
			isa = XCBuildConfiguration;
			buildSettings = {
				ASSETCATALOG_COMPILER_APPICON_NAME = AppIcon;
				CODE_SIGN_STYLE = Automatic;
				DEVELOPMENT_ASSET_PATHS = "\"TestXCFrameworkiOSUI/Preview Content\"";
				DEVELOPMENT_TEAM = 8DT5Y3HP4L;
				ENABLE_PREVIEWS = YES;
				FRAMEWORK_SEARCH_PATHS = (
					"$(inherited)",
					"$(PROJECT_DIR)/Frameworks/iOS",
					"$(PROJECT_DIR)/Frameworks/watchOS",
				);
				INFOPLIST_FILE = TestXCFrameworkiOSUI/Info.plist;
				IPHONEOS_DEPLOYMENT_TARGET = 13.1;
				LD_RUNPATH_SEARCH_PATHS = (
					"$(inherited)",
					"@executable_path/Frameworks",
				);
				PRODUCT_BUNDLE_IDENTIFIER = com.marizack.TestXCFrameworkiOSUI;
				PRODUCT_NAME = "$(TARGET_NAME)";
				SWIFT_VERSION = 5.0;
				TARGETED_DEVICE_FAMILY = "1,2";
			};
			name = Debug;
		};
		4EF564372481F3A000564840 /* Release */ = {
			isa = XCBuildConfiguration;
			buildSettings = {
				ASSETCATALOG_COMPILER_APPICON_NAME = AppIcon;
				CODE_SIGN_STYLE = Automatic;
				DEVELOPMENT_ASSET_PATHS = "\"TestXCFrameworkiOSUI/Preview Content\"";
				DEVELOPMENT_TEAM = 8DT5Y3HP4L;
				ENABLE_PREVIEWS = YES;
				FRAMEWORK_SEARCH_PATHS = (
					"$(inherited)",
					"$(PROJECT_DIR)/Frameworks/iOS",
					"$(PROJECT_DIR)/Frameworks/watchOS",
				);
				INFOPLIST_FILE = TestXCFrameworkiOSUI/Info.plist;
				IPHONEOS_DEPLOYMENT_TARGET = 13.1;
				LD_RUNPATH_SEARCH_PATHS = (
					"$(inherited)",
					"@executable_path/Frameworks",
				);
				PRODUCT_BUNDLE_IDENTIFIER = com.marizack.TestXCFrameworkiOSUI;
				PRODUCT_NAME = "$(TARGET_NAME)";
				SWIFT_VERSION = 5.0;
				TARGETED_DEVICE_FAMILY = "1,2";
			};
			name = Release;
		};
/* End XCBuildConfiguration section */

/* Begin XCConfigurationList section */
		4EF19E9724821F06001D478A /* Build configuration list for PBXNativeTarget "TestXCFrameworkWatchUI Extension" */ = {
			isa = XCConfigurationList;
			buildConfigurations = (
				4EF19E9824821F06001D478A /* Debug */,
				4EF19E9924821F06001D478A /* Release */,
			);
			defaultConfigurationIsVisible = 0;
			defaultConfigurationName = Release;
		};
		4EF19E9B24821F06001D478A /* Build configuration list for PBXNativeTarget "TestXCFrameworkWatchUI" */ = {
			isa = XCConfigurationList;
			buildConfigurations = (
				4EF19E9C24821F06001D478A /* Debug */,
				4EF19E9D24821F06001D478A /* Release */,
			);
			defaultConfigurationIsVisible = 0;
			defaultConfigurationName = Release;
		};
		4EF5641C2481F39E00564840 /* Build configuration list for PBXProject "TestXCFrameworkiOSUI" */ = {
			isa = XCConfigurationList;
			buildConfigurations = (
				4EF564332481F3A000564840 /* Debug */,
				4EF564342481F3A000564840 /* Release */,
			);
			defaultConfigurationIsVisible = 0;
			defaultConfigurationName = Release;
		};
		4EF564352481F3A000564840 /* Build configuration list for PBXNativeTarget "TestXCFrameworkiOSUI" */ = {
			isa = XCConfigurationList;
			buildConfigurations = (
				4EF564362481F3A000564840 /* Debug */,
				4EF564372481F3A000564840 /* Release */,
			);
			defaultConfigurationIsVisible = 0;
			defaultConfigurationName = Release;
		};
/* End XCConfigurationList section */
	};
	rootObject = 4EF564192481F39E00564840 /* Project object */;
}
