// !$*UTF8*$!
{
	archiveVersion = 1;
	classes = {
	};
	objectVersion = 52;
	objects = {

/* Begin PBXBuildFile section */
		4EF564002481F21700564840 /* AppDelegate.swift in Sources */ = {isa = PBXBuildFile; fileRef = 4EF563FF2481F21700564840 /* AppDelegate.swift */; };
		4EF564022481F21700564840 /* SceneDelegate.swift in Sources */ = {isa = PBXBuildFile; fileRef = 4EF564012481F21700564840 /* SceneDelegate.swift */; };
		4EF564042481F21700564840 /* ViewController.swift in Sources */ = {isa = PBXBuildFile; fileRef = 4EF564032481F21700564840 /* ViewController.swift */; };
		4EF564072481F21700564840 /* Main.storyboard in Resources */ = {isa = PBXBuildFile; fileRef = 4EF564052481F21700564840 /* Main.storyboard */; };
		4EF564092481F21900564840 /* Assets.xcassets in Resources */ = {isa = PBXBuildFile; fileRef = 4EF564082481F21900564840 /* Assets.xcassets */; };
		4EF5640C2481F21900564840 /* LaunchScreen.storyboard in Resources */ = {isa = PBXBuildFile; fileRef = 4EF5640A2481F21900564840 /* LaunchScreen.storyboard */; };
		4EF564152481F28E00564840 /* UniKit.xcframework in Frameworks */ = {isa = PBXBuildFile; fileRef = 4EF564132481F25B00564840 /* UniKit.xcframework */; };
		4EF564162481F28E00564840 /* UniKit.xcframework in Embed Frameworks */ = {isa = PBXBuildFile; fileRef = 4EF564132481F25B00564840 /* UniKit.xcframework */; settings = {ATTRIBUTES = (CodeSignOnCopy, ); }; };
/* End PBXBuildFile section */

/* Begin PBXCopyFilesBuildPhase section */
		4EF564172481F28E00564840 /* Embed Frameworks */ = {
			isa = PBXCopyFilesBuildPhase;
			buildActionMask = 2147483647;
			dstPath = "";
			dstSubfolderSpec = 10;
			files = (
				4EF564162481F28E00564840 /* UniKit.xcframework in Embed Frameworks */,
			);
			name = "Embed Frameworks";
			runOnlyForDeploymentPostprocessing = 0;
		};
/* End PBXCopyFilesBuildPhase section */

/* Begin PBXFileReference section */
		4EF563FC2481F21700564840 /* TestXCFrameworkiOS.app */ = {isa = PBXFileReference; explicitFileType = wrapper.application; includeInIndex = 0; path = TestXCFrameworkiOS.app; sourceTree = BUILT_PRODUCTS_DIR; };
		4EF563FF2481F21700564840 /* AppDelegate.swift */ = {isa = PBXFileReference; lastKnownFileType = sourcecode.swift; path = AppDelegate.swift; sourceTree = "<group>"; };
		4EF564012481F21700564840 /* SceneDelegate.swift */ = {isa = PBXFileReference; lastKnownFileType = sourcecode.swift; path = SceneDelegate.swift; sourceTree = "<group>"; };
		4EF564032481F21700564840 /* ViewController.swift */ = {isa = PBXFileReference; lastKnownFileType = sourcecode.swift; path = ViewController.swift; sourceTree = "<group>"; };
		4EF564062481F21700564840 /* Base */ = {isa = PBXFileReference; lastKnownFileType = file.storyboard; name = Base; path = Base.lproj/Main.storyboard; sourceTree = "<group>"; };
		4EF564082481F21900564840 /* Assets.xcassets */ = {isa = PBXFileReference; lastKnownFileType = folder.assetcatalog; path = Assets.xcassets; sourceTree = "<group>"; };
		4EF5640B2481F21900564840 /* Base */ = {isa = PBXFileReference; lastKnownFileType = file.storyboard; name = Base; path = Base.lproj/LaunchScreen.storyboard; sourceTree = "<group>"; };
		4EF5640D2481F21900564840 /* Info.plist */ = {isa = PBXFileReference; lastKnownFileType = text.plist.xml; path = Info.plist; sourceTree = "<group>"; };
		4EF564132481F25B00564840 /* UniKit.xcframework */ = {isa = PBXFileReference; lastKnownFileType = wrapper.xcframework; name = UniKit.xcframework; path = ../UniKit/Frameworks/UniKit.xcframework; sourceTree = "<group>"; };
/* End PBXFileReference section */

/* Begin PBXFrameworksBuildPhase section */
		4EF563F92481F21700564840 /* Frameworks */ = {
			isa = PBXFrameworksBuildPhase;
			buildActionMask = 2147483647;
			files = (
				4EF564152481F28E00564840 /* UniKit.xcframework in Frameworks */,
			);
			runOnlyForDeploymentPostprocessing = 0;
		};
/* End PBXFrameworksBuildPhase section */

/* Begin PBXGroup section */
		4EF563F32481F21700564840 = {
			isa = PBXGroup;
			children = (
				4EF564132481F25B00564840 /* UniKit.xcframework */,
				4EF563FE2481F21700564840 /* TestXCFrameworkiOS */,
				4EF563FD2481F21700564840 /* Products */,
			);
			sourceTree = "<group>";
		};
		4EF563FD2481F21700564840 /* Products */ = {
			isa = PBXGroup;
			children = (
				4EF563FC2481F21700564840 /* TestXCFrameworkiOS.app */,
			);
			name = Products;
			sourceTree = "<group>";
		};
		4EF563FE2481F21700564840 /* TestXCFrameworkiOS */ = {
			isa = PBXGroup;
			children = (
				4EF563FF2481F21700564840 /* AppDelegate.swift */,
				4EF564012481F21700564840 /* SceneDelegate.swift */,
				4EF564032481F21700564840 /* ViewController.swift */,
				4EF564052481F21700564840 /* Main.storyboard */,
				4EF564082481F21900564840 /* Assets.xcassets */,
				4EF5640A2481F21900564840 /* LaunchScreen.storyboard */,
				4EF5640D2481F21900564840 /* Info.plist */,
			);
			path = TestXCFrameworkiOS;
			sourceTree = "<group>";
		};
/* End PBXGroup section */

/* Begin PBXNativeTarget section */
		4EF563FB2481F21700564840 /* TestXCFrameworkiOS */ = {
			isa = PBXNativeTarget;
			buildConfigurationList = 4EF564102481F21900564840 /* Build configuration list for PBXNativeTarget "TestXCFrameworkiOS" */;
			buildPhases = (
				4EF563F82481F21700564840 /* Sources */,
				4EF563F92481F21700564840 /* Frameworks */,
				4EF563FA2481F21700564840 /* Resources */,
				4EF564172481F28E00564840 /* Embed Frameworks */,
			);
			buildRules = (
			);
			dependencies = (
			);
			name = TestXCFrameworkiOS;
			productName = TestXCFrameworkiOS;
			productReference = 4EF563FC2481F21700564840 /* TestXCFrameworkiOS.app */;
			productType = "com.apple.product-type.application";
		};
/* End PBXNativeTarget section */

/* Begin PBXProject section */
		4EF563F42481F21700564840 /* Project object */ = {
			isa = PBXProject;
			attributes = {
				LastSwiftUpdateCheck = 1150;
				LastUpgradeCheck = 1150;
				ORGANIZATIONNAME = "Gene Backlin";
				TargetAttributes = {
					4EF563FB2481F21700564840 = {
						CreatedOnToolsVersion = 11.5;
					};
				};
			};
			buildConfigurationList = 4EF563F72481F21700564840 /* Build configuration list for PBXProject "TestXCFrameworkiOS" */;
			compatibilityVersion = "Xcode 9.3";
			developmentRegion = en;
			hasScannedForEncodings = 0;
			knownRegions = (
				en,
				Base,
			);
			mainGroup = 4EF563F32481F21700564840;
			productRefGroup = 4EF563FD2481F21700564840 /* Products */;
			projectDirPath = "";
			projectRoot = "";
			targets = (
				4EF563FB2481F21700564840 /* TestXCFrameworkiOS */,
			);
		};
/* End PBXProject section */

/* Begin PBXResourcesBuildPhase section */
		4EF563FA2481F21700564840 /* Resources */ = {
			isa = PBXResourcesBuildPhase;
			buildActionMask = 2147483647;
			files = (
				4EF5640C2481F21900564840 /* LaunchScreen.storyboard in Resources */,
				4EF564092481F21900564840 /* Assets.xcassets in Resources */,
				4EF564072481F21700564840 /* Main.storyboard in Resources */,
			);
			runOnlyForDeploymentPostprocessing = 0;
		};
/* End PBXResourcesBuildPhase section */

/* Begin PBXSourcesBuildPhase section */
		4EF563F82481F21700564840 /* Sources */ = {
			isa = PBXSourcesBuildPhase;
			buildActionMask = 2147483647;
			files = (
				4EF564042481F21700564840 /* ViewController.swift in Sources */,
				4EF564002481F21700564840 /* AppDelegate.swift in Sources */,
				4EF564022481F21700564840 /* SceneDelegate.swift in Sources */,
			);
			runOnlyForDeploymentPostprocessing = 0;
		};
/* End PBXSourcesBuildPhase section */

/* Begin PBXVariantGroup section */
		4EF564052481F21700564840 /* Main.storyboard */ = {
			isa = PBXVariantGroup;
			children = (
				4EF564062481F21700564840 /* Base */,
			);
			name = Main.storyboard;
			sourceTree = "<group>";
		};
		4EF5640A2481F21900564840 /* LaunchScreen.storyboard */ = {
			isa = PBXVariantGroup;
			children = (
				4EF5640B2481F21900564840 /* Base */,
			);
			name = LaunchScreen.storyboard;
			sourceTree = "<group>";
		};
/* End PBXVariantGroup section */

/* Begin XCBuildConfiguration section */
		4EF5640E2481F21900564840 /* Debug */ = {
			isa = XCBuildConfiguration;
			buildSettings = {
				ALWAYS_SEARCH_USER_PATHS = NO;
				CLANG_ANALYZER_NONNULL = YES;
				CLANG_ANALYZER_NUMBER_OBJECT_CONVERSION = YES_AGGRESSIVE;
				CLANG_CXX_LANGUAGE_STANDARD = "gnu++14";
				CLANG_CXX_LIBRARY = "libc++";
				CLANG_ENABLE_MODULES = YES;
				CLANG_ENABLE_OBJC_ARC = YES;
				CLANG_ENABLE_OBJC_WEAK = YES;
				CLANG_WARN_BLOCK_CAPTURE_AUTORELEASING = YES;
				CLANG_WARN_BOOL_CONVERSION = YES;
				CLANG_WARN_COMMA = YES;
				CLANG_WARN_CONSTANT_CONVERSION = YES;
				CLANG_WARN_DEPRECATED_OBJC_IMPLEMENTATIONS = YES;
				CLANG_WARN_DIRECT_OBJC_ISA_USAGE = YES_ERROR;
				CLANG_WARN_DOCUMENTATION_COMMENTS = YES;
				CLANG_WARN_EMPTY_BODY = YES;
				CLANG_WARN_ENUM_CONVERSION = YES;
				CLANG_WARN_INFINITE_RECURSION = YES;
				CLANG_WARN_INT_CONVERSION = YES;
				CLANG_WARN_NON_LITERAL_NULL_CONVERSION = YES;
				CLANG_WARN_OBJC_IMPLICIT_RETAIN_SELF = YES;
				CLANG_WARN_OBJC_LITERAL_CONVERSION = YES;
				CLANG_WARN_OBJC_ROOT_CLASS = YES_ERROR;
				CLANG_WARN_RANGE_LOOP_ANALYSIS = YES;
				CLANG_WARN_STRICT_PROTOTYPES = YES;
				CLANG_WARN_SUSPICIOUS_MOVE = YES;
				CLANG_WARN_UNGUARDED_AVAILABILITY = YES_AGGRESSIVE;
				CLANG_WARN_UNREACHABLE_CODE = YES;
				CLANG_WARN__DUPLICATE_METHOD_MATCH = YES;
				COPY_PHASE_STRIP = NO;
				DEBUG_INFORMATION_FORMAT = dwarf;
				ENABLE_STRICT_OBJC_MSGSEND = YES;
				ENABLE_TESTABILITY = YES;
				GCC_C_LANGUAGE_STANDARD = gnu11;
				GCC_DYNAMIC_NO_PIC = NO;
				GCC_NO_COMMON_BLOCKS = YES;
				GCC_OPTIMIZATION_LEVEL = 0;
				GCC_PREPROCESSOR_DEFINITIONS = (
					"DEBUG=1",
					"$(inherited)",
				);
				GCC_WARN_64_TO_32_BIT_CONVERSION = YES;
				GCC_WARN_ABOUT_RETURN_TYPE = YES_ERROR;
				GCC_WARN_UNDECLARED_SELECTOR = YES;
				GCC_WARN_UNINITIALIZED_AUTOS = YES_AGGRESSIVE;
				GCC_WARN_UNUSED_FUNCTION = YES;
				GCC_WARN_UNUSED_VARIABLE = YES;
				IPHONEOS_DEPLOYMENT_TARGET = 13.5;
				MTL_ENABLE_DEBUG_INFO = INCLUDE_SOURCE;
				MTL_FAST_MATH = YES;
				ONLY_ACTIVE_ARCH = YES;
				SDKROOT = iphoneos;
				SWIFT_ACTIVE_COMPILATION_CONDITIONS = DEBUG;
				SWIFT_OPTIMIZATION_LEVEL = "-Onone";
			};
			name = Debug;
		};
		4EF5640F2481F21900564840 /* Release */ = {
			isa = XCBuildConfiguration;
			buildSettings = {
				ALWAYS_SEARCH_USER_PATHS = NO;
				CLANG_ANALYZER_NONNULL = YES;
				CLANG_ANALYZER_NUMBER_OBJECT_CONVERSION = YES_AGGRESSIVE;
				CLANG_CXX_LANGUAGE_STANDARD = "gnu++14";
				CLANG_CXX_LIBRARY = "libc++";
				CLANG_ENABLE_MODULES = YES;
				CLANG_ENABLE_OBJC_ARC = YES;
				CLANG_ENABLE_OBJC_WEAK = YES;
				CLANG_WARN_BLOCK_CAPTURE_AUTORELEASING = YES;
				CLANG_WARN_BOOL_CONVERSION = YES;
				CLANG_WARN_COMMA = YES;
				CLANG_WARN_CONSTANT_CONVERSION = YES;
				CLANG_WARN_DEPRECATED_OBJC_IMPLEMENTATIONS = YES;
				CLANG_WARN_DIRECT_OBJC_ISA_USAGE = YES_ERROR;
				CLANG_WARN_DOCUMENTATION_COMMENTS = YES;
				CLANG_WARN_EMPTY_BODY = YES;
				CLANG_WARN_ENUM_CONVERSION = YES;
				CLANG_WARN_INFINITE_RECURSION = YES;
				CLANG_WARN_INT_CONVERSION = YES;
				CLANG_WARN_NON_LITERAL_NULL_CONVERSION = YES;
				CLANG_WARN_OBJC_IMPLICIT_RETAIN_SELF = YES;
				CLANG_WARN_OBJC_LITERAL_CONVERSION = YES;
				CLANG_WARN_OBJC_ROOT_CLASS = YES_ERROR;
				CLANG_WARN_RANGE_LOOP_ANALYSIS = YES;
				CLANG_WARN_STRICT_PROTOTYPES = YES;
				CLANG_WARN_SUSPICIOUS_MOVE = YES;
				CLANG_WARN_UNGUARDED_AVAILABILITY = YES_AGGRESSIVE;
				CLANG_WARN_UNREACHABLE_CODE = YES;
				CLANG_WARN__DUPLICATE_METHOD_MATCH = YES;
				COPY_PHASE_STRIP = NO;
				DEBUG_INFORMATION_FORMAT = "dwarf-with-dsym";
				ENABLE_NS_ASSERTIONS = NO;
				ENABLE_STRICT_OBJC_MSGSEND = YES;
				GCC_C_LANGUAGE_STANDARD = gnu11;
				GCC_NO_COMMON_BLOCKS = YES;
				GCC_WARN_64_TO_32_BIT_CONVERSION = YES;
				GCC_WARN_ABOUT_RETURN_TYPE = YES_ERROR;
				GCC_WARN_UNDECLARED_SELECTOR = YES;
				GCC_WARN_UNINITIALIZED_AUTOS = YES_AGGRESSIVE;
				GCC_WARN_UNUSED_FUNCTION = YES;
				GCC_WARN_UNUSED_VARIABLE = YES;
				IPHONEOS_DEPLOYMENT_TARGET = 13.5;
				MTL_ENABLE_DEBUG_INFO = NO;
				MTL_FAST_MATH = YES;
				SDKROOT = iphoneos;
				SWIFT_COMPILATION_MODE = wholemodule;
				SWIFT_OPTIMIZATION_LEVEL = "-O";
				VALIDATE_PRODUCT = YES;
			};
			name = Release;
		};
		4EF564112481F21900564840 /* Debug */ = {
			isa = XCBuildConfiguration;
			buildSettings = {
				ASSETCATALOG_COMPILER_APPICON_NAME = AppIcon;
				CODE_SIGN_STYLE = Automatic;
				DEVELOPMENT_TEAM = 8DT5Y3HP4L;
				INFOPLIST_FILE = TestXCFrameworkiOS/Info.plist;
				LD_RUNPATH_SEARCH_PATHS = (
					"$(inherited)",
					"@executable_path/Frameworks",
				);
				PRODUCT_BUNDLE_IDENTIFIER = com.marizack.TestXCFrameworkiOS;
				PRODUCT_NAME = "$(TARGET_NAME)";
				SWIFT_VERSION = 5.0;
				TARGETED_DEVICE_FAMILY = "1,2";
			};
			name = Debug;
		};
		4EF564122481F21900564840 /* Release */ = {
			isa = XCBuildConfiguration;
			buildSettings = {
				ASSETCATALOG_COMPILER_APPICON_NAME = AppIcon;
				CODE_SIGN_STYLE = Automatic;
				DEVELOPMENT_TEAM = 8DT5Y3HP4L;
				INFOPLIST_FILE = TestXCFrameworkiOS/Info.plist;
				LD_RUNPATH_SEARCH_PATHS = (
					"$(inherited)",
					"@executable_path/Frameworks",
				);
				PRODUCT_BUNDLE_IDENTIFIER = com.marizack.TestXCFrameworkiOS;
				PRODUCT_NAME = "$(TARGET_NAME)";
				SWIFT_VERSION = 5.0;
				TARGETED_DEVICE_FAMILY = "1,2";
			};
			name = Release;
		};
/* End XCBuildConfiguration section */

/* Begin XCConfigurationList section */
		4EF563F72481F21700564840 /* Build configuration list for PBXProject "TestXCFrameworkiOS" */ = {
			isa = XCConfigurationList;
			buildConfigurations = (
				4EF5640E2481F21900564840 /* Debug */,
				4EF5640F2481F21900564840 /* Release */,
			);
			defaultConfigurationIsVisible = 0;
			defaultConfigurationName = Release;
		};
		4EF564102481F21900564840 /* Build configuration list for PBXNativeTarget "TestXCFrameworkiOS" */ = {
			isa = XCConfigurationList;
			buildConfigurations = (
				4EF564112481F21900564840 /* Debug */,
				4EF564122481F21900564840 /* Release */,
			);
			defaultConfigurationIsVisible = 0;
			defaultConfigurationName = Release;
		};
/* End XCConfigurationList section */
	};
	rootObject = 4EF563F42481F21700564840 /* Project object */;
}
